
Microsoft Visual Studio Solution File, Format Version 12.00
# Visual Studio 2013
VisualStudioVersion = 12.0.30723.0
MinimumVisualStudioVersion = 10.0.40219.1
Project("{FAE04EC0-301F-11D3-BF4B-00C04F79EFBC}") = "FSharp.Control.JSoftware", "JSoftware\FSharp.Control.JSoftware.csproj", "{45766224-AEB6-466B-8DF3-9B87544F1714}"
EndProject
Project("{FAE04EC0-301F-11D3-BF4B-00C04F79EFBC}") = "FSharp.Control.JSoftware.Test", "JSoftware.Test\FSharp.Control.JSoftware.Test.csproj", "{B6BFAED9-0D04-4CBA-9D8B-5EB9A60AD2F7}"
EndProject
Global
	GlobalSection(SolutionConfigurationPlatforms) = preSolution
		Debug|Any CPU = Debug|Any CPU
		Debug|x86 = Debug|x86
		Release|Any CPU = Release|Any CPU
		Release|x86 = Release|x86
	EndGlobalSection
	GlobalSection(ProjectConfigurationPlatforms) = postSolution
		{45766224-AEB6-466B-8DF3-9B87544F1714}.Debug|Any CPU.ActiveCfg = Debug|Any CPU
		{45766224-AEB6-466B-8DF3-9B87544F1714}.Debug|Any CPU.Build.0 = Debug|Any CPU
		{45766224-AEB6-466B-8DF3-9B87544F1714}.Debug|x86.ActiveCfg = Debug|x86
		{45766224-AEB6-466B-8DF3-9B87544F1714}.Debug|x86.Build.0 = Debug|x86
		{45766224-AEB6-466B-8DF3-9B87544F1714}.Release|Any CPU.ActiveCfg = Release|Any CPU
		{45766224-AEB6-466B-8DF3-9B87544F1714}.Release|Any CPU.Build.0 = Release|Any CPU
		{45766224-AEB6-466B-8DF3-9B87544F1714}.Release|x86.ActiveCfg = Release|x86
		{45766224-AEB6-466B-8DF3-9B87544F1714}.Release|x86.Build.0 = Release|x86
		{B6BFAED9-0D04-4CBA-9D8B-5EB9A60AD2F7}.Debug|Any CPU.ActiveCfg = Debug|Any CPU
		{B6BFAED9-0D04-4CBA-9D8B-5EB9A60AD2F7}.Debug|Any CPU.Build.0 = Debug|Any CPU
		{B6BFAED9-0D04-4CBA-9D8B-5EB9A60AD2F7}.Debug|x86.ActiveCfg = Debug|Any CPU
		{B6BFAED9-0D04-4CBA-9D8B-5EB9A60AD2F7}.Release|Any CPU.ActiveCfg = Release|Any CPU
		{B6BFAED9-0D04-4CBA-9D8B-5EB9A60AD2F7}.Release|Any CPU.Build.0 = Release|Any CPU
		{B6BFAED9-0D04-4CBA-9D8B-5EB9A60AD2F7}.Release|x86.ActiveCfg = Release|Any CPU
	EndGlobalSection
	GlobalSection(SolutionProperties) = preSolution
		HideSolutionNode = FALSE
	EndGlobalSection
EndGlobal
